# This file is automatically @generated by Cargo.
# It is not intended for manual editing.
version = 3

[[package]]
name = "aoc2021_1"
version = "0.1.0"

[[package]]
name = "aoc2021_2"
version = "0.1.0"

[[package]]
name = "aoc2021_3"
version = "0.1.0"

[[package]]
name = "aoc2021_4"
version = "0.1.0"

[[package]]
name = "aoc2021_4_box"
version = "0.1.0"

[[package]]
name = "aoc2021_5"
version = "0.1.0"

[[package]]
name = "aoc2021_6"
version = "0.1.0"

[[package]]
name = "aoc2021_6a"
version = "0.1.0"

[[package]]
name = "aoc2021_7"
version = "0.1.0"

[[package]]
name = "scratchpad"
version = "0.1.0"

[[package]]
name = "scratchpad_test_copy_struct"
version = "0.1.0"

[[package]]
name = "scratchpad_test_struct_boxed"
version = "0.1.0"

[[package]]
name = "scratchpad_test_struct_boxed1"
version = "0.1.0"

[[package]]
name = "scratchpad_test_struct_byref"
version = "0.1.0"

[[package]]
name = "scratchpad_vector_of_complex_structs"
version = "0.1.0"

[[package]]
name = "scratchpad_vector_of_medium_structs"
version = "0.1.0"

[[package]]
name = "scratchpad_vector_of_simple_structs"
version = "0.1.0"
